// !$*UTF8*$!
{
	archiveVersion = 1;
	classes = {
	};
	objectVersion = 45;
	objects = {

/* Begin PBXBuildFile section */
		166BE46111DDDC9000F41B0B /* GLMappedSlider.m in Sources */ = {isa = PBXBuildFile; fileRef = 166BE46011DDDC9000F41B0B /* GLMappedSlider.m */; };
		16DA0BB6122390F600382D1F /* GLWelcomeViewController.m in Sources */ = {isa = PBXBuildFile; fileRef = 16DA0BB4122390F600382D1F /* GLWelcomeViewController.m */; };
		16DA0BB7122390F600382D1F /* GLWelcomeViewController.xib in Resources */ = {isa = PBXBuildFile; fileRef = 16DA0BB5122390F600382D1F /* GLWelcomeViewController.xib */; };
		16DA0BD21223973500382D1F /* GLSignUpViewController.m in Sources */ = {isa = PBXBuildFile; fileRef = 16DA0BD01223973500382D1F /* GLSignUpViewController.m */; };
		16DA0BD31223973500382D1F /* GLSignUpViewController.xib in Resources */ = {isa = PBXBuildFile; fileRef = 16DA0BD11223973500382D1F /* GLSignUpViewController.xib */; };
		16DA0BFB12239BBC00382D1F /* GLLogInViewController.m in Sources */ = {isa = PBXBuildFile; fileRef = 16DA0BF912239BBC00382D1F /* GLLogInViewController.m */; };
		16DA0BFC12239BBC00382D1F /* GLLogInViewController.xib in Resources */ = {isa = PBXBuildFile; fileRef = 16DA0BFA12239BBC00382D1F /* GLLogInViewController.xib */; };
		16DA0D0B1224DD4900382D1F /* GLAuthenticationManager.m in Sources */ = {isa = PBXBuildFile; fileRef = 16DA0D0A1224DD4900382D1F /* GLAuthenticationManager.m */; };
		16DA0D761224E8FD00382D1F /* GLHTTPRequestLoader.m in Sources */ = {isa = PBXBuildFile; fileRef = 16DA0D751224E8FD00382D1F /* GLHTTPRequestLoader.m */; };
		16E4B0C011D69563009D6B43 /* Icon.png in Resources */ = {isa = PBXBuildFile; fileRef = 16E4B0BE11D69563009D6B43 /* Icon.png */; };
		16E4B0C111D69563009D6B43 /* Icon@2x.png in Resources */ = {isa = PBXBuildFile; fileRef = 16E4B0BF11D69563009D6B43 /* Icon@2x.png */; };
		16E4B0C311D69569009D6B43 /* Default.png in Resources */ = {isa = PBXBuildFile; fileRef = 16E4B0C211D69569009D6B43 /* Default.png */; };
		16E4B0D811D6965C009D6B43 /* Default@2x.png in Resources */ = {isa = PBXBuildFile; fileRef = 16E4B0D711D6965C009D6B43 /* Default@2x.png */; };
		16EE822811D69FB20026503D /* GLLocationUpdateManager.m in Sources */ = {isa = PBXBuildFile; fileRef = 16EE822711D69FB20026503D /* GLLocationUpdateManager.m */; };
		16EE822B11D69FD70026503D /* GLDataViewController.m in Sources */ = {isa = PBXBuildFile; fileRef = 16EE822A11D69FD70026503D /* GLDataViewController.m */; };
		16EE823F11D6A09A0026503D /* LocationUpdateRequest.m in Sources */ = {isa = PBXBuildFile; fileRef = 16EE823E11D6A09A0026503D /* LocationUpdateRequest.m */; };
		16EE824911D6A1760026503D /* GeoloqiAppDelegate.m in Sources */ = {isa = PBXBuildFile; fileRef = 16EE824811D6A1760026503D /* GeoloqiAppDelegate.m */; };
		16EE827711D6A1FA0026503D /* GLDataViewController.xib in Resources */ = {isa = PBXBuildFile; fileRef = 16EE827611D6A1FA0026503D /* GLDataViewController.xib */; };
		16EE832A11D6C96C0026503D /* SliderMappings.plist in Resources */ = {isa = PBXBuildFile; fileRef = 16EE832911D6C96C0026503D /* SliderMappings.plist */; };
		16EE842A11D72C450026503D /* GLMutablePolyline.m in Sources */ = {isa = PBXBuildFile; fileRef = 16EE842911D72C450026503D /* GLMutablePolyline.m */; };
		16EE843511D72CE00026503D /* GLMutablePolylineView.m in Sources */ = {isa = PBXBuildFile; fileRef = 16EE843411D72CE00026503D /* GLMutablePolylineView.m */; };
		1D60589B0D05DD56006BFB54 /* main.m in Sources */ = {isa = PBXBuildFile; fileRef = 29B97316FDCFA39411CA2CEA /* main.m */; };
		1D60589F0D05DD5A006BFB54 /* Foundation.framework in Frameworks */ = {isa = PBXBuildFile; fileRef = 1D30AB110D05D00D00671497 /* Foundation.framework */; };
		1DF5F4E00D08C38300B7A737 /* UIKit.framework in Frameworks */ = {isa = PBXBuildFile; fileRef = 1DF5F4DF0D08C38300B7A737 /* UIKit.framework */; };
		288765A50DF7441C002DB57D /* CoreGraphics.framework in Frameworks */ = {isa = PBXBuildFile; fileRef = 288765A40DF7441C002DB57D /* CoreGraphics.framework */; };
		2899E5220DE3E06400AC0155 /* LocationUpdaterViewController.xib in Resources */ = {isa = PBXBuildFile; fileRef = 2899E5210DE3E06400AC0155 /* LocationUpdaterViewController.xib */; };
		28AD733F0D9D9553002E5188 /* MainWindow.xib in Resources */ = {isa = PBXBuildFile; fileRef = 28AD733E0D9D9553002E5188 /* MainWindow.xib */; };
		28D7ACF80DDB3853001CB0EB /* LocationUpdaterViewController.m in Sources */ = {isa = PBXBuildFile; fileRef = 28D7ACF70DDB3853001CB0EB /* LocationUpdaterViewController.m */; };
		49B68DF111B31641001CB3FA /* ASIAuthenticationDialog.m in Sources */ = {isa = PBXBuildFile; fileRef = 49B68DB511B31641001CB3FA /* ASIAuthenticationDialog.m */; };
		49B68DF211B31641001CB3FA /* ASIFormDataRequest.m in Sources */ = {isa = PBXBuildFile; fileRef = 49B68DB711B31641001CB3FA /* ASIFormDataRequest.m */; };
		49B68DF311B31641001CB3FA /* ASIHTTPRequest.m in Sources */ = {isa = PBXBuildFile; fileRef = 49B68DB911B31641001CB3FA /* ASIHTTPRequest.m */; };
		49B68DF411B31641001CB3FA /* ASIInputStream.m in Sources */ = {isa = PBXBuildFile; fileRef = 49B68DBC11B31641001CB3FA /* ASIInputStream.m */; };
		49B68DF511B31641001CB3FA /* ASINetworkQueue.m in Sources */ = {isa = PBXBuildFile; fileRef = 49B68DBE11B31641001CB3FA /* ASINetworkQueue.m */; };
		49B68DF611B31641001CB3FA /* ASINSStringAdditions.m in Sources */ = {isa = PBXBuildFile; fileRef = 49B68DC011B31641001CB3FA /* ASINSStringAdditions.m */; };
		49B68E1311B31672001CB3FA /* Reachability.m in Sources */ = {isa = PBXBuildFile; fileRef = 49B68E1211B31672001CB3FA /* Reachability.m */; };
		49B68E1D11B316FC001CB3FA /* CFNetwork.framework in Frameworks */ = {isa = PBXBuildFile; fileRef = 49B68E1C11B316FC001CB3FA /* CFNetwork.framework */; };
		49B68E1F11B316FC001CB3FA /* MobileCoreServices.framework in Frameworks */ = {isa = PBXBuildFile; fileRef = 49B68E1E11B316FC001CB3FA /* MobileCoreServices.framework */; };
		49B68E2111B316FC001CB3FA /* SystemConfiguration.framework in Frameworks */ = {isa = PBXBuildFile; fileRef = 49B68E2011B316FC001CB3FA /* SystemConfiguration.framework */; };
		49B68E2311B316FC001CB3FA /* libz.1.2.3.dylib in Frameworks */ = {isa = PBXBuildFile; fileRef = 49B68E2211B316FC001CB3FA /* libz.1.2.3.dylib */; };
		49B68E6011B3174F001CB3FA /* CoreLocation.framework in Frameworks */ = {isa = PBXBuildFile; fileRef = 49B68E5F11B3174F001CB3FA /* CoreLocation.framework */; };
		49B68E9011B31874001CB3FA /* CDataScanner.m in Sources */ = {isa = PBXBuildFile; fileRef = 49B68E7B11B31874001CB3FA /* CDataScanner.m */; };
		49B68E9111B31874001CB3FA /* CDataScanner_Extensions.m in Sources */ = {isa = PBXBuildFile; fileRef = 49B68E7E11B31874001CB3FA /* CDataScanner_Extensions.m */; };
		49B68E9211B31874001CB3FA /* NSCharacterSet_Extensions.m in Sources */ = {isa = PBXBuildFile; fileRef = 49B68E8011B31874001CB3FA /* NSCharacterSet_Extensions.m */; };
		49B68E9311B31874001CB3FA /* NSDictionary_JSONExtensions.m in Sources */ = {isa = PBXBuildFile; fileRef = 49B68E8211B31874001CB3FA /* NSDictionary_JSONExtensions.m */; };
		49B68E9411B31874001CB3FA /* NSScanner_Extensions.m in Sources */ = {isa = PBXBuildFile; fileRef = 49B68E8411B31874001CB3FA /* NSScanner_Extensions.m */; };
		49B68E9511B31874001CB3FA /* CJSONDataSerializer.m in Sources */ = {isa = PBXBuildFile; fileRef = 49B68E8711B31874001CB3FA /* CJSONDataSerializer.m */; };
		49B68E9611B31874001CB3FA /* CJSONDeserializer.m in Sources */ = {isa = PBXBuildFile; fileRef = 49B68E8911B31874001CB3FA /* CJSONDeserializer.m */; };
		49B68E9711B31874001CB3FA /* CJSONScanner.m in Sources */ = {isa = PBXBuildFile; fileRef = 49B68E8B11B31874001CB3FA /* CJSONScanner.m */; };
		49B68E9811B31874001CB3FA /* CJSONSerializer.m in Sources */ = {isa = PBXBuildFile; fileRef = 49B68E8D11B31874001CB3FA /* CJSONSerializer.m */; };
		49B68E9911B31874001CB3FA /* CSerializedJSONData.m in Sources */ = {isa = PBXBuildFile; fileRef = 49B68E8F11B31874001CB3FA /* CSerializedJSONData.m */; };
		49B68EC711B31B4E001CB3FA /* ISO8601DateFormatter.m in Sources */ = {isa = PBXBuildFile; fileRef = 49B68EB311B31B4E001CB3FA /* ISO8601DateFormatter.m */; };
		DD354F7611D666BA00EEF7BC /* GeonoteFriendPickerController.m in Sources */ = {isa = PBXBuildFile; fileRef = DD354F7411D666BA00EEF7BC /* GeonoteFriendPickerController.m */; };
		DD354F7711D666BA00EEF7BC /* GeonoteFriendPickerController.xib in Resources */ = {isa = PBXBuildFile; fileRef = DD354F7511D666BA00EEF7BC /* GeonoteFriendPickerController.xib */; };
		DD354F7D11D6683800EEF7BC /* addresses.png in Resources */ = {isa = PBXBuildFile; fileRef = DD354F7C11D6683800EEF7BC /* addresses.png */; };
		DD354F9111D669C300EEF7BC /* GeonoteNavigationController.m in Sources */ = {isa = PBXBuildFile; fileRef = DD354F8F11D669C300EEF7BC /* GeonoteNavigationController.m */; };
		DD354FB611D66BB500EEF7BC /* GeonoteMapViewController.m in Sources */ = {isa = PBXBuildFile; fileRef = DD354FB411D66BB500EEF7BC /* GeonoteMapViewController.m */; };
		DD354FB711D66BB500EEF7BC /* GeonoteMapViewController.xib in Resources */ = {isa = PBXBuildFile; fileRef = DD354FB511D66BB500EEF7BC /* GeonoteMapViewController.xib */; };
		DD35501211D6709D00EEF7BC /* Geonote.m in Sources */ = {isa = PBXBuildFile; fileRef = DD35501111D6709D00EEF7BC /* Geonote.m */; };
		DD35503D11D6736200EEF7BC /* GeonoteMessageViewController.m in Sources */ = {isa = PBXBuildFile; fileRef = DD35503B11D6736200EEF7BC /* GeonoteMessageViewController.m */; };
		DD35503E11D6736200EEF7BC /* GeonoteMessageViewController.xib in Resources */ = {isa = PBXBuildFile; fileRef = DD35503C11D6736200EEF7BC /* GeonoteMessageViewController.xib */; };
		DD3550B611D6794200EEF7BC /* GeonoteConfirmationViewController.m in Sources */ = {isa = PBXBuildFile; fileRef = DD3550B411D6794200EEF7BC /* GeonoteConfirmationViewController.m */; };
		DD3550B711D6794200EEF7BC /* GeonoteConfirmationViewController.xib in Resources */ = {isa = PBXBuildFile; fileRef = DD3550B511D6794200EEF7BC /* GeonoteConfirmationViewController.xib */; };
		DD91DF6511BF3D5D0097F6F5 /* 106-sliders.png in Resources */ = {isa = PBXBuildFile; fileRef = DD91DF6111BF3D5D0097F6F5 /* 106-sliders.png */; };
		DD91DF6611BF3D5D0097F6F5 /* 103-map.png in Resources */ = {isa = PBXBuildFile; fileRef = DD91DF6211BF3D5D0097F6F5 /* 103-map.png */; };
		DD91DF6711BF3D5D0097F6F5 /* 20-gear2.png in Resources */ = {isa = PBXBuildFile; fileRef = DD91DF6311BF3D5D0097F6F5 /* 20-gear2.png */; };
		DD91DF6811BF3D5D0097F6F5 /* 07-map-marker.png in Resources */ = {isa = PBXBuildFile; fileRef = DD91DF6411BF3D5D0097F6F5 /* 07-map-marker.png */; };
		DD91DF9211BF3F400097F6F5 /* GLMapViewController.m in Sources */ = {isa = PBXBuildFile; fileRef = DD91DF9011BF3F400097F6F5 /* GLMapViewController.m */; };
		DD91DF9311BF3F400097F6F5 /* GLMapViewController.xib in Resources */ = {isa = PBXBuildFile; fileRef = DD91DF9111BF3F400097F6F5 /* GLMapViewController.xib */; };
		DD91E15E11BF4C1F0097F6F5 /* MapKit.framework in Frameworks */ = {isa = PBXBuildFile; fileRef = DD91E15D11BF4C1F0097F6F5 /* MapKit.framework */; };
		DD97008811EBFB3D00C91472 /* ToolbarLocate.png in Resources */ = {isa = PBXBuildFile; fileRef = DD97008711EBFB3D00C91472 /* ToolbarLocate.png */; };
/* End PBXBuildFile section */

/* Begin PBXFileReference section */
		166BE45F11DDDC9000F41B0B /* GLMappedSlider.h */ = {isa = PBXFileReference; fileEncoding = 4; lastKnownFileType = sourcecode.c.h; path = GLMappedSlider.h; sourceTree = "<group>"; };
		166BE46011DDDC9000F41B0B /* GLMappedSlider.m */ = {isa = PBXFileReference; fileEncoding = 4; lastKnownFileType = sourcecode.c.objc; path = GLMappedSlider.m; sourceTree = "<group>"; };
		16DA0BB3122390F600382D1F /* GLWelcomeViewController.h */ = {isa = PBXFileReference; fileEncoding = 4; lastKnownFileType = sourcecode.c.h; name = GLWelcomeViewController.h; path = ../GLWelcomeViewController.h; sourceTree = "<group>"; };
		16DA0BB4122390F600382D1F /* GLWelcomeViewController.m */ = {isa = PBXFileReference; fileEncoding = 4; lastKnownFileType = sourcecode.c.objc; name = GLWelcomeViewController.m; path = ../GLWelcomeViewController.m; sourceTree = "<group>"; };
		16DA0BB5122390F600382D1F /* GLWelcomeViewController.xib */ = {isa = PBXFileReference; lastKnownFileType = file.xib; name = GLWelcomeViewController.xib; path = ../GLWelcomeViewController.xib; sourceTree = "<group>"; };
		16DA0BCF1223973500382D1F /* GLSignUpViewController.h */ = {isa = PBXFileReference; fileEncoding = 4; lastKnownFileType = sourcecode.c.h; path = GLSignUpViewController.h; sourceTree = "<group>"; };
		16DA0BD01223973500382D1F /* GLSignUpViewController.m */ = {isa = PBXFileReference; fileEncoding = 4; lastKnownFileType = sourcecode.c.objc; path = GLSignUpViewController.m; sourceTree = "<group>"; };
		16DA0BD11223973500382D1F /* GLSignUpViewController.xib */ = {isa = PBXFileReference; lastKnownFileType = file.xib; path = GLSignUpViewController.xib; sourceTree = "<group>"; };
		16DA0BF812239BBC00382D1F /* GLLogInViewController.h */ = {isa = PBXFileReference; fileEncoding = 4; lastKnownFileType = sourcecode.c.h; path = GLLogInViewController.h; sourceTree = "<group>"; };
		16DA0BF912239BBC00382D1F /* GLLogInViewController.m */ = {isa = PBXFileReference; fileEncoding = 4; lastKnownFileType = sourcecode.c.objc; path = GLLogInViewController.m; sourceTree = "<group>"; };
		16DA0BFA12239BBC00382D1F /* GLLogInViewController.xib */ = {isa = PBXFileReference; lastKnownFileType = file.xib; path = GLLogInViewController.xib; sourceTree = "<group>"; };
		16DA0D091224DD4900382D1F /* GLAuthenticationManager.h */ = {isa = PBXFileReference; fileEncoding = 4; lastKnownFileType = sourcecode.c.h; path = GLAuthenticationManager.h; sourceTree = "<group>"; };
		16DA0D0A1224DD4900382D1F /* GLAuthenticationManager.m */ = {isa = PBXFileReference; fileEncoding = 4; lastKnownFileType = sourcecode.c.objc; path = GLAuthenticationManager.m; sourceTree = "<group>"; };
		16DA0D741224E8FD00382D1F /* GLHTTPRequestLoader.h */ = {isa = PBXFileReference; fileEncoding = 4; lastKnownFileType = sourcecode.c.h; path = GLHTTPRequestLoader.h; sourceTree = "<group>"; };
		16DA0D751224E8FD00382D1F /* GLHTTPRequestLoader.m */ = {isa = PBXFileReference; fileEncoding = 4; lastKnownFileType = sourcecode.c.objc; path = GLHTTPRequestLoader.m; sourceTree = "<group>"; };
		16E4B0BE11D69563009D6B43 /* Icon.png */ = {isa = PBXFileReference; lastKnownFileType = image.png; path = Icon.png; sourceTree = "<group>"; };
		16E4B0BF11D69563009D6B43 /* Icon@2x.png */ = {isa = PBXFileReference; lastKnownFileType = image.png; path = "Icon@2x.png"; sourceTree = "<group>"; };
		16E4B0C211D69569009D6B43 /* Default.png */ = {isa = PBXFileReference; lastKnownFileType = image.png; path = Default.png; sourceTree = "<group>"; };
		16E4B0D711D6965C009D6B43 /* Default@2x.png */ = {isa = PBXFileReference; lastKnownFileType = image.png; path = "Default@2x.png"; sourceTree = "<group>"; };
		16EE822611D69FB20026503D /* GLLocationUpdateManager.h */ = {isa = PBXFileReference; fileEncoding = 4; lastKnownFileType = sourcecode.c.h; path = GLLocationUpdateManager.h; sourceTree = "<group>"; };
		16EE822711D69FB20026503D /* GLLocationUpdateManager.m */ = {isa = PBXFileReference; fileEncoding = 4; lastKnownFileType = sourcecode.c.objc; path = GLLocationUpdateManager.m; sourceTree = "<group>"; };
		16EE822911D69FD70026503D /* GLDataViewController.h */ = {isa = PBXFileReference; fileEncoding = 4; lastKnownFileType = sourcecode.c.h; name = GLDataViewController.h; path = Classes/GLDataViewController.h; sourceTree = "<group>"; };
		16EE822A11D69FD70026503D /* GLDataViewController.m */ = {isa = PBXFileReference; fileEncoding = 4; lastKnownFileType = sourcecode.c.objc; name = GLDataViewController.m; path = Classes/GLDataViewController.m; sourceTree = "<group>"; };
		16EE823D11D6A09A0026503D /* LocationUpdateRequest.h */ = {isa = PBXFileReference; fileEncoding = 4; lastKnownFileType = sourcecode.c.h; path = LocationUpdateRequest.h; sourceTree = "<group>"; };
		16EE823E11D6A09A0026503D /* LocationUpdateRequest.m */ = {isa = PBXFileReference; fileEncoding = 4; lastKnownFileType = sourcecode.c.objc; path = LocationUpdateRequest.m; sourceTree = "<group>"; };
		16EE824711D6A1760026503D /* GeoloqiAppDelegate.h */ = {isa = PBXFileReference; fileEncoding = 4; lastKnownFileType = sourcecode.c.h; path = GeoloqiAppDelegate.h; sourceTree = "<group>"; };
		16EE824811D6A1760026503D /* GeoloqiAppDelegate.m */ = {isa = PBXFileReference; fileEncoding = 4; lastKnownFileType = sourcecode.c.objc; path = GeoloqiAppDelegate.m; sourceTree = "<group>"; };
		16EE827611D6A1FA0026503D /* GLDataViewController.xib */ = {isa = PBXFileReference; lastKnownFileType = file.xib; path = GLDataViewController.xib; sourceTree = "<group>"; };
		16EE832911D6C96C0026503D /* SliderMappings.plist */ = {isa = PBXFileReference; fileEncoding = 4; lastKnownFileType = text.plist.xml; path = SliderMappings.plist; sourceTree = "<group>"; };
		16EE842811D72C450026503D /* GLMutablePolyline.h */ = {isa = PBXFileReference; fileEncoding = 4; lastKnownFileType = sourcecode.c.h; path = GLMutablePolyline.h; sourceTree = "<group>"; };
		16EE842911D72C450026503D /* GLMutablePolyline.m */ = {isa = PBXFileReference; fileEncoding = 4; lastKnownFileType = sourcecode.c.objc; path = GLMutablePolyline.m; sourceTree = "<group>"; };
		16EE843311D72CE00026503D /* GLMutablePolylineView.h */ = {isa = PBXFileReference; fileEncoding = 4; lastKnownFileType = sourcecode.c.h; path = GLMutablePolylineView.h; sourceTree = "<group>"; };
		16EE843411D72CE00026503D /* GLMutablePolylineView.m */ = {isa = PBXFileReference; fileEncoding = 4; lastKnownFileType = sourcecode.c.objc; path = GLMutablePolylineView.m; sourceTree = "<group>"; };
		1D30AB110D05D00D00671497 /* Foundation.framework */ = {isa = PBXFileReference; lastKnownFileType = wrapper.framework; name = Foundation.framework; path = System/Library/Frameworks/Foundation.framework; sourceTree = SDKROOT; };
		1D6058910D05DD3D006BFB54 /* Geoloqi.app */ = {isa = PBXFileReference; explicitFileType = wrapper.application; includeInIndex = 0; path = Geoloqi.app; sourceTree = BUILT_PRODUCTS_DIR; };
		1DF5F4DF0D08C38300B7A737 /* UIKit.framework */ = {isa = PBXFileReference; lastKnownFileType = wrapper.framework; name = UIKit.framework; path = System/Library/Frameworks/UIKit.framework; sourceTree = SDKROOT; };
		288765A40DF7441C002DB57D /* CoreGraphics.framework */ = {isa = PBXFileReference; lastKnownFileType = wrapper.framework; name = CoreGraphics.framework; path = System/Library/Frameworks/CoreGraphics.framework; sourceTree = SDKROOT; };
		2899E5210DE3E06400AC0155 /* LocationUpdaterViewController.xib */ = {isa = PBXFileReference; lastKnownFileType = file.xib; path = LocationUpdaterViewController.xib; sourceTree = "<group>"; };
		28AD733E0D9D9553002E5188 /* MainWindow.xib */ = {isa = PBXFileReference; lastKnownFileType = file.xib; name = MainWindow.xib; path = ../MainWindow.xib; sourceTree = "<group>"; };
		28D7ACF60DDB3853001CB0EB /* LocationUpdaterViewController.h */ = {isa = PBXFileReference; fileEncoding = 4; lastKnownFileType = sourcecode.c.h; name = LocationUpdaterViewController.h; path = Classes/LocationUpdaterViewController.h; sourceTree = "<group>"; };
		28D7ACF70DDB3853001CB0EB /* LocationUpdaterViewController.m */ = {isa = PBXFileReference; fileEncoding = 4; lastKnownFileType = sourcecode.c.objc; name = LocationUpdaterViewController.m; path = Classes/LocationUpdaterViewController.m; sourceTree = "<group>"; };
		29B97316FDCFA39411CA2CEA /* main.m */ = {isa = PBXFileReference; fileEncoding = 4; lastKnownFileType = sourcecode.c.objc; path = main.m; sourceTree = "<group>"; };
		32CA4F630368D1EE00C91783 /* Geoloqi_Prefix.pch */ = {isa = PBXFileReference; fileEncoding = 4; lastKnownFileType = sourcecode.c.h; path = Geoloqi_Prefix.pch; sourceTree = "<group>"; };
		49B68DB411B31641001CB3FA /* ASIAuthenticationDialog.h */ = {isa = PBXFileReference; fileEncoding = 4; lastKnownFileType = sourcecode.c.h; path = ASIAuthenticationDialog.h; sourceTree = "<group>"; };
		49B68DB511B31641001CB3FA /* ASIAuthenticationDialog.m */ = {isa = PBXFileReference; fileEncoding = 4; lastKnownFileType = sourcecode.c.objc; path = ASIAuthenticationDialog.m; sourceTree = "<group>"; };
		49B68DB611B31641001CB3FA /* ASIFormDataRequest.h */ = {isa = PBXFileReference; fileEncoding = 4; lastKnownFileType = sourcecode.c.h; path = ASIFormDataRequest.h; sourceTree = "<group>"; };
		49B68DB711B31641001CB3FA /* ASIFormDataRequest.m */ = {isa = PBXFileReference; fileEncoding = 4; lastKnownFileType = sourcecode.c.objc; path = ASIFormDataRequest.m; sourceTree = "<group>"; };
		49B68DB811B31641001CB3FA /* ASIHTTPRequest.h */ = {isa = PBXFileReference; fileEncoding = 4; lastKnownFileType = sourcecode.c.h; path = ASIHTTPRequest.h; sourceTree = "<group>"; };
		49B68DB911B31641001CB3FA /* ASIHTTPRequest.m */ = {isa = PBXFileReference; fileEncoding = 4; lastKnownFileType = sourcecode.c.objc; path = ASIHTTPRequest.m; sourceTree = "<group>"; };
		49B68DBA11B31641001CB3FA /* ASIHTTPRequestConfig.h */ = {isa = PBXFileReference; fileEncoding = 4; lastKnownFileType = sourcecode.c.h; path = ASIHTTPRequestConfig.h; sourceTree = "<group>"; };
		49B68DBB11B31641001CB3FA /* ASIInputStream.h */ = {isa = PBXFileReference; fileEncoding = 4; lastKnownFileType = sourcecode.c.h; path = ASIInputStream.h; sourceTree = "<group>"; };
		49B68DBC11B31641001CB3FA /* ASIInputStream.m */ = {isa = PBXFileReference; fileEncoding = 4; lastKnownFileType = sourcecode.c.objc; path = ASIInputStream.m; sourceTree = "<group>"; };
		49B68DBD11B31641001CB3FA /* ASINetworkQueue.h */ = {isa = PBXFileReference; fileEncoding = 4; lastKnownFileType = sourcecode.c.h; path = ASINetworkQueue.h; sourceTree = "<group>"; };
		49B68DBE11B31641001CB3FA /* ASINetworkQueue.m */ = {isa = PBXFileReference; fileEncoding = 4; lastKnownFileType = sourcecode.c.objc; path = ASINetworkQueue.m; sourceTree = "<group>"; };
		49B68DBF11B31641001CB3FA /* ASINSStringAdditions.h */ = {isa = PBXFileReference; fileEncoding = 4; lastKnownFileType = sourcecode.c.h; path = ASINSStringAdditions.h; sourceTree = "<group>"; };
		49B68DC011B31641001CB3FA /* ASINSStringAdditions.m */ = {isa = PBXFileReference; fileEncoding = 4; lastKnownFileType = sourcecode.c.objc; path = ASINSStringAdditions.m; sourceTree = "<group>"; };
		49B68E1111B31672001CB3FA /* Reachability.h */ = {isa = PBXFileReference; fileEncoding = 4; lastKnownFileType = sourcecode.c.h; path = Reachability.h; sourceTree = "<group>"; };
		49B68E1211B31672001CB3FA /* Reachability.m */ = {isa = PBXFileReference; fileEncoding = 4; lastKnownFileType = sourcecode.c.objc; path = Reachability.m; sourceTree = "<group>"; };
		49B68E1C11B316FC001CB3FA /* CFNetwork.framework */ = {isa = PBXFileReference; lastKnownFileType = wrapper.framework; name = CFNetwork.framework; path = System/Library/Frameworks/CFNetwork.framework; sourceTree = SDKROOT; };
		49B68E1E11B316FC001CB3FA /* MobileCoreServices.framework */ = {isa = PBXFileReference; lastKnownFileType = wrapper.framework; name = MobileCoreServices.framework; path = System/Library/Frameworks/MobileCoreServices.framework; sourceTree = SDKROOT; };
		49B68E2011B316FC001CB3FA /* SystemConfiguration.framework */ = {isa = PBXFileReference; lastKnownFileType = wrapper.framework; name = SystemConfiguration.framework; path = System/Library/Frameworks/SystemConfiguration.framework; sourceTree = SDKROOT; };
		49B68E2211B316FC001CB3FA /* libz.1.2.3.dylib */ = {isa = PBXFileReference; lastKnownFileType = "compiled.mach-o.dylib"; name = libz.1.2.3.dylib; path = usr/lib/libz.1.2.3.dylib; sourceTree = SDKROOT; };
		49B68E5F11B3174F001CB3FA /* CoreLocation.framework */ = {isa = PBXFileReference; lastKnownFileType = wrapper.framework; name = CoreLocation.framework; path = System/Library/Frameworks/CoreLocation.framework; sourceTree = SDKROOT; };
		49B68E7A11B31874001CB3FA /* CDataScanner.h */ = {isa = PBXFileReference; fileEncoding = 4; lastKnownFileType = sourcecode.c.h; path = CDataScanner.h; sourceTree = "<group>"; };
		49B68E7B11B31874001CB3FA /* CDataScanner.m */ = {isa = PBXFileReference; fileEncoding = 4; lastKnownFileType = sourcecode.c.objc; path = CDataScanner.m; sourceTree = "<group>"; };
		49B68E7D11B31874001CB3FA /* CDataScanner_Extensions.h */ = {isa = PBXFileReference; fileEncoding = 4; lastKnownFileType = sourcecode.c.h; path = CDataScanner_Extensions.h; sourceTree = "<group>"; };
		49B68E7E11B31874001CB3FA /* CDataScanner_Extensions.m */ = {isa = PBXFileReference; fileEncoding = 4; lastKnownFileType = sourcecode.c.objc; path = CDataScanner_Extensions.m; sourceTree = "<group>"; };
		49B68E7F11B31874001CB3FA /* NSCharacterSet_Extensions.h */ = {isa = PBXFileReference; fileEncoding = 4; lastKnownFileType = sourcecode.c.h; path = NSCharacterSet_Extensions.h; sourceTree = "<group>"; };
		49B68E8011B31874001CB3FA /* NSCharacterSet_Extensions.m */ = {isa = PBXFileReference; fileEncoding = 4; lastKnownFileType = sourcecode.c.objc; path = NSCharacterSet_Extensions.m; sourceTree = "<group>"; };
		49B68E8111B31874001CB3FA /* NSDictionary_JSONExtensions.h */ = {isa = PBXFileReference; fileEncoding = 4; lastKnownFileType = sourcecode.c.h; path = NSDictionary_JSONExtensions.h; sourceTree = "<group>"; };
		49B68E8211B31874001CB3FA /* NSDictionary_JSONExtensions.m */ = {isa = PBXFileReference; fileEncoding = 4; lastKnownFileType = sourcecode.c.objc; path = NSDictionary_JSONExtensions.m; sourceTree = "<group>"; };
		49B68E8311B31874001CB3FA /* NSScanner_Extensions.h */ = {isa = PBXFileReference; fileEncoding = 4; lastKnownFileType = sourcecode.c.h; path = NSScanner_Extensions.h; sourceTree = "<group>"; };
		49B68E8411B31874001CB3FA /* NSScanner_Extensions.m */ = {isa = PBXFileReference; fileEncoding = 4; lastKnownFileType = sourcecode.c.objc; path = NSScanner_Extensions.m; sourceTree = "<group>"; };
		49B68E8611B31874001CB3FA /* CJSONDataSerializer.h */ = {isa = PBXFileReference; fileEncoding = 4; lastKnownFileType = sourcecode.c.h; path = CJSONDataSerializer.h; sourceTree = "<group>"; };
		49B68E8711B31874001CB3FA /* CJSONDataSerializer.m */ = {isa = PBXFileReference; fileEncoding = 4; lastKnownFileType = sourcecode.c.objc; path = CJSONDataSerializer.m; sourceTree = "<group>"; };
		49B68E8811B31874001CB3FA /* CJSONDeserializer.h */ = {isa = PBXFileReference; fileEncoding = 4; lastKnownFileType = sourcecode.c.h; path = CJSONDeserializer.h; sourceTree = "<group>"; };
		49B68E8911B31874001CB3FA /* CJSONDeserializer.m */ = {isa = PBXFileReference; fileEncoding = 4; lastKnownFileType = sourcecode.c.objc; path = CJSONDeserializer.m; sourceTree = "<group>"; };
		49B68E8A11B31874001CB3FA /* CJSONScanner.h */ = {isa = PBXFileReference; fileEncoding = 4; lastKnownFileType = sourcecode.c.h; path = CJSONScanner.h; sourceTree = "<group>"; };
		49B68E8B11B31874001CB3FA /* CJSONScanner.m */ = {isa = PBXFileReference; fileEncoding = 4; lastKnownFileType = sourcecode.c.objc; path = CJSONScanner.m; sourceTree = "<group>"; };
		49B68E8C11B31874001CB3FA /* CJSONSerializer.h */ = {isa = PBXFileReference; fileEncoding = 4; lastKnownFileType = sourcecode.c.h; path = CJSONSerializer.h; sourceTree = "<group>"; };
		49B68E8D11B31874001CB3FA /* CJSONSerializer.m */ = {isa = PBXFileReference; fileEncoding = 4; lastKnownFileType = sourcecode.c.objc; path = CJSONSerializer.m; sourceTree = "<group>"; };
		49B68E8E11B31874001CB3FA /* CSerializedJSONData.h */ = {isa = PBXFileReference; fileEncoding = 4; lastKnownFileType = sourcecode.c.h; path = CSerializedJSONData.h; sourceTree = "<group>"; };
		49B68E8F11B31874001CB3FA /* CSerializedJSONData.m */ = {isa = PBXFileReference; fileEncoding = 4; lastKnownFileType = sourcecode.c.objc; path = CSerializedJSONData.m; sourceTree = "<group>"; };
		49B68EB211B31B4E001CB3FA /* ISO8601DateFormatter.h */ = {isa = PBXFileReference; fileEncoding = 4; lastKnownFileType = sourcecode.c.h; path = ISO8601DateFormatter.h; sourceTree = "<group>"; };
		49B68EB311B31B4E001CB3FA /* ISO8601DateFormatter.m */ = {isa = PBXFileReference; fileEncoding = 4; lastKnownFileType = sourcecode.c.objc; path = ISO8601DateFormatter.m; sourceTree = "<group>"; };
		8D1107310486CEB800E47090 /* Geoloqi-Info.plist */ = {isa = PBXFileReference; fileEncoding = 4; lastKnownFileType = text.plist.xml; path = "Geoloqi-Info.plist"; plistStructureDefinitionIdentifier = "com.apple.xcode.plist.structure-definition.iphone.info-plist"; sourceTree = "<group>"; };
		DD354F7311D666BA00EEF7BC /* GeonoteFriendPickerController.h */ = {isa = PBXFileReference; fileEncoding = 4; lastKnownFileType = sourcecode.c.h; path = GeonoteFriendPickerController.h; sourceTree = "<group>"; };
		DD354F7411D666BA00EEF7BC /* GeonoteFriendPickerController.m */ = {isa = PBXFileReference; fileEncoding = 4; lastKnownFileType = sourcecode.c.objc; path = GeonoteFriendPickerController.m; sourceTree = "<group>"; };
		DD354F7511D666BA00EEF7BC /* GeonoteFriendPickerController.xib */ = {isa = PBXFileReference; lastKnownFileType = file.xib; path = GeonoteFriendPickerController.xib; sourceTree = "<group>"; };
		DD354F7C11D6683800EEF7BC /* addresses.png */ = {isa = PBXFileReference; lastKnownFileType = image.png; path = addresses.png; sourceTree = "<group>"; };
		DD354F8E11D669C300EEF7BC /* GeonoteNavigationController.h */ = {isa = PBXFileReference; fileEncoding = 4; lastKnownFileType = sourcecode.c.h; path = GeonoteNavigationController.h; sourceTree = "<group>"; };
		DD354F8F11D669C300EEF7BC /* GeonoteNavigationController.m */ = {isa = PBXFileReference; fileEncoding = 4; lastKnownFileType = sourcecode.c.objc; path = GeonoteNavigationController.m; sourceTree = "<group>"; };
		DD354FB311D66BB500EEF7BC /* GeonoteMapViewController.h */ = {isa = PBXFileReference; fileEncoding = 4; lastKnownFileType = sourcecode.c.h; path = GeonoteMapViewController.h; sourceTree = "<group>"; };
		DD354FB411D66BB500EEF7BC /* GeonoteMapViewController.m */ = {isa = PBXFileReference; fileEncoding = 4; lastKnownFileType = sourcecode.c.objc; path = GeonoteMapViewController.m; sourceTree = "<group>"; };
		DD354FB511D66BB500EEF7BC /* GeonoteMapViewController.xib */ = {isa = PBXFileReference; lastKnownFileType = file.xib; path = GeonoteMapViewController.xib; sourceTree = "<group>"; };
		DD35501011D6709D00EEF7BC /* Geonote.h */ = {isa = PBXFileReference; fileEncoding = 4; lastKnownFileType = sourcecode.c.h; path = Geonote.h; sourceTree = "<group>"; };
		DD35501111D6709D00EEF7BC /* Geonote.m */ = {isa = PBXFileReference; fileEncoding = 4; lastKnownFileType = sourcecode.c.objc; path = Geonote.m; sourceTree = "<group>"; };
		DD35503A11D6736200EEF7BC /* GeonoteMessageViewController.h */ = {isa = PBXFileReference; fileEncoding = 4; lastKnownFileType = sourcecode.c.h; path = GeonoteMessageViewController.h; sourceTree = "<group>"; };
		DD35503B11D6736200EEF7BC /* GeonoteMessageViewController.m */ = {isa = PBXFileReference; fileEncoding = 4; lastKnownFileType = sourcecode.c.objc; path = GeonoteMessageViewController.m; sourceTree = "<group>"; };
		DD35503C11D6736200EEF7BC /* GeonoteMessageViewController.xib */ = {isa = PBXFileReference; lastKnownFileType = file.xib; path = GeonoteMessageViewController.xib; sourceTree = "<group>"; };
		DD3550B311D6794200EEF7BC /* GeonoteConfirmationViewController.h */ = {isa = PBXFileReference; fileEncoding = 4; lastKnownFileType = sourcecode.c.h; path = GeonoteConfirmationViewController.h; sourceTree = "<group>"; };
		DD3550B411D6794200EEF7BC /* GeonoteConfirmationViewController.m */ = {isa = PBXFileReference; fileEncoding = 4; lastKnownFileType = sourcecode.c.objc; path = GeonoteConfirmationViewController.m; sourceTree = "<group>"; };
		DD3550B511D6794200EEF7BC /* GeonoteConfirmationViewController.xib */ = {isa = PBXFileReference; lastKnownFileType = file.xib; path = GeonoteConfirmationViewController.xib; sourceTree = "<group>"; };
		DD91DF6111BF3D5D0097F6F5 /* 106-sliders.png */ = {isa = PBXFileReference; lastKnownFileType = image.png; name = "106-sliders.png"; path = "Resources/106-sliders.png"; sourceTree = "<group>"; };
		DD91DF6211BF3D5D0097F6F5 /* 103-map.png */ = {isa = PBXFileReference; lastKnownFileType = image.png; name = "103-map.png"; path = "Resources/103-map.png"; sourceTree = "<group>"; };
		DD91DF6311BF3D5D0097F6F5 /* 20-gear2.png */ = {isa = PBXFileReference; lastKnownFileType = image.png; name = "20-gear2.png"; path = "Resources/20-gear2.png"; sourceTree = "<group>"; };
		DD91DF6411BF3D5D0097F6F5 /* 07-map-marker.png */ = {isa = PBXFileReference; lastKnownFileType = image.png; name = "07-map-marker.png"; path = "Resources/07-map-marker.png"; sourceTree = "<group>"; };
		DD91DF8F11BF3F400097F6F5 /* GLMapViewController.h */ = {isa = PBXFileReference; fileEncoding = 4; lastKnownFileType = sourcecode.c.h; path = GLMapViewController.h; sourceTree = "<group>"; };
		DD91DF9011BF3F400097F6F5 /* GLMapViewController.m */ = {isa = PBXFileReference; fileEncoding = 4; lastKnownFileType = sourcecode.c.objc; path = GLMapViewController.m; sourceTree = "<group>"; };
		DD91DF9111BF3F400097F6F5 /* GLMapViewController.xib */ = {isa = PBXFileReference; lastKnownFileType = file.xib; path = GLMapViewController.xib; sourceTree = "<group>"; };
		DD91E15D11BF4C1F0097F6F5 /* MapKit.framework */ = {isa = PBXFileReference; lastKnownFileType = wrapper.framework; name = MapKit.framework; path = System/Library/Frameworks/MapKit.framework; sourceTree = SDKROOT; };
		DD97008711EBFB3D00C91472 /* ToolbarLocate.png */ = {isa = PBXFileReference; lastKnownFileType = image.png; path = ToolbarLocate.png; sourceTree = "<group>"; };
/* End PBXFileReference section */

/* Begin PBXFrameworksBuildPhase section */
		1D60588F0D05DD3D006BFB54 /* Frameworks */ = {
			isa = PBXFrameworksBuildPhase;
			buildActionMask = 2147483647;
			files = (
				1D60589F0D05DD5A006BFB54 /* Foundation.framework in Frameworks */,
				1DF5F4E00D08C38300B7A737 /* UIKit.framework in Frameworks */,
				288765A50DF7441C002DB57D /* CoreGraphics.framework in Frameworks */,
				49B68E1D11B316FC001CB3FA /* CFNetwork.framework in Frameworks */,
				49B68E1F11B316FC001CB3FA /* MobileCoreServices.framework in Frameworks */,
				49B68E2111B316FC001CB3FA /* SystemConfiguration.framework in Frameworks */,
				49B68E2311B316FC001CB3FA /* libz.1.2.3.dylib in Frameworks */,
				49B68E6011B3174F001CB3FA /* CoreLocation.framework in Frameworks */,
				DD91E15E11BF4C1F0097F6F5 /* MapKit.framework in Frameworks */,
			);
			runOnlyForDeploymentPostprocessing = 0;
		};
/* End PBXFrameworksBuildPhase section */

/* Begin PBXGroup section */
		080E96DDFE201D6D7F000001 /* Main */ = {
			isa = PBXGroup;
			children = (
				16EE832911D6C96C0026503D /* SliderMappings.plist */,
				28AD733E0D9D9553002E5188 /* MainWindow.xib */,
				16EE824711D6A1760026503D /* GeoloqiAppDelegate.h */,
				16EE824811D6A1760026503D /* GeoloqiAppDelegate.m */,
				16EE823D11D6A09A0026503D /* LocationUpdateRequest.h */,
				16EE823E11D6A09A0026503D /* LocationUpdateRequest.m */,
				16EE822611D69FB20026503D /* GLLocationUpdateManager.h */,
				16EE822711D69FB20026503D /* GLLocationUpdateManager.m */,
				16DA0D091224DD4900382D1F /* GLAuthenticationManager.h */,
				16DA0D0A1224DD4900382D1F /* GLAuthenticationManager.m */,
				16DA0D741224E8FD00382D1F /* GLHTTPRequestLoader.h */,
				16DA0D751224E8FD00382D1F /* GLHTTPRequestLoader.m */,
				16DA0BB91223910100382D1F /* Welcome-Login-Signup */,
			);
			name = Main;
			path = Classes;
			sourceTree = "<group>";
		};
		16DA0BB91223910100382D1F /* Welcome-Login-Signup */ = {
			isa = PBXGroup;
			children = (
				16DA0BB3122390F600382D1F /* GLWelcomeViewController.h */,
				16DA0BB4122390F600382D1F /* GLWelcomeViewController.m */,
				16DA0BB5122390F600382D1F /* GLWelcomeViewController.xib */,
				16DA0BCF1223973500382D1F /* GLSignUpViewController.h */,
				16DA0BD01223973500382D1F /* GLSignUpViewController.m */,
				16DA0BD11223973500382D1F /* GLSignUpViewController.xib */,
				16DA0BF812239BBC00382D1F /* GLLogInViewController.h */,
				16DA0BF912239BBC00382D1F /* GLLogInViewController.m */,
				16DA0BFA12239BBC00382D1F /* GLLogInViewController.xib */,
			);
			name = "Welcome-Login-Signup";
			sourceTree = "<group>";
		};
		16EE842711D72C290026503D /* Mutable polyline */ = {
			isa = PBXGroup;
			children = (
				16EE842811D72C450026503D /* GLMutablePolyline.h */,
				16EE842911D72C450026503D /* GLMutablePolyline.m */,
				16EE843311D72CE00026503D /* GLMutablePolylineView.h */,
				16EE843411D72CE00026503D /* GLMutablePolylineView.m */,
			);
			name = "Mutable polyline";
			sourceTree = "<group>";
		};
		19C28FACFE9D520D11CA2CBB /* Products */ = {
			isa = PBXGroup;
			children = (
				1D6058910D05DD3D006BFB54 /* Geoloqi.app */,
			);
			name = Products;
			sourceTree = "<group>";
		};
		29B97314FDCFA39411CA2CEA /* CustomTemplate */ = {
			isa = PBXGroup;
			children = (
				080E96DDFE201D6D7F000001 /* Main */,
				DD91DF8C11BF3F1F0097F6F5 /* Tabs */,
				49B68DB211B31641001CB3FA /* Externals */,
				29B97315FDCFA39411CA2CEA /* Other Sources */,
				29B97317FDCFA39411CA2CEA /* Resources */,
				29B97323FDCFA39411CA2CEA /* Frameworks */,
				19C28FACFE9D520D11CA2CBB /* Products */,
			);
			name = CustomTemplate;
			sourceTree = "<group>";
		};
		29B97315FDCFA39411CA2CEA /* Other Sources */ = {
			isa = PBXGroup;
			children = (
				32CA4F630368D1EE00C91783 /* Geoloqi_Prefix.pch */,
				29B97316FDCFA39411CA2CEA /* main.m */,
			);
			name = "Other Sources";
			sourceTree = "<group>";
		};
		29B97317FDCFA39411CA2CEA /* Resources */ = {
			isa = PBXGroup;
			children = (
				8D1107310486CEB800E47090 /* Geoloqi-Info.plist */,
				16E4B0BE11D69563009D6B43 /* Icon.png */,
				16E4B0BF11D69563009D6B43 /* Icon@2x.png */,
				16E4B0C211D69569009D6B43 /* Default.png */,
				16E4B0D711D6965C009D6B43 /* Default@2x.png */,
				DD91DF6911BF3D610097F6F5 /* Tab Images */,
			);
			name = Resources;
			sourceTree = "<group>";
		};
		29B97323FDCFA39411CA2CEA /* Frameworks */ = {
			isa = PBXGroup;
			children = (
				49B68E5F11B3174F001CB3FA /* CoreLocation.framework */,
				49B68E1C11B316FC001CB3FA /* CFNetwork.framework */,
				49B68E1E11B316FC001CB3FA /* MobileCoreServices.framework */,
				49B68E2011B316FC001CB3FA /* SystemConfiguration.framework */,
				49B68E2211B316FC001CB3FA /* libz.1.2.3.dylib */,
				1DF5F4DF0D08C38300B7A737 /* UIKit.framework */,
				1D30AB110D05D00D00671497 /* Foundation.framework */,
				288765A40DF7441C002DB57D /* CoreGraphics.framework */,
				DD91E15D11BF4C1F0097F6F5 /* MapKit.framework */,
			);
			name = Frameworks;
			sourceTree = "<group>";
		};
		49B68DB211B31641001CB3FA /* Externals */ = {
			isa = PBXGroup;
			children = (
				49B68DB311B31641001CB3FA /* ASIHTTPRequest */,
				49B68EB111B31B4E001CB3FA /* ISO-8601-parser-0.5 */,
				49B68E1011B31672001CB3FA /* Reachability2.0 */,
				49B68E7911B31874001CB3FA /* TouchJSON */,
			);
			path = Externals;
			sourceTree = "<group>";
		};
		49B68DB311B31641001CB3FA /* ASIHTTPRequest */ = {
			isa = PBXGroup;
			children = (
				49B68DB411B31641001CB3FA /* ASIAuthenticationDialog.h */,
				49B68DB511B31641001CB3FA /* ASIAuthenticationDialog.m */,
				49B68DB611B31641001CB3FA /* ASIFormDataRequest.h */,
				49B68DB711B31641001CB3FA /* ASIFormDataRequest.m */,
				49B68DB811B31641001CB3FA /* ASIHTTPRequest.h */,
				49B68DB911B31641001CB3FA /* ASIHTTPRequest.m */,
				49B68DBA11B31641001CB3FA /* ASIHTTPRequestConfig.h */,
				49B68DBB11B31641001CB3FA /* ASIInputStream.h */,
				49B68DBC11B31641001CB3FA /* ASIInputStream.m */,
				49B68DBD11B31641001CB3FA /* ASINetworkQueue.h */,
				49B68DBE11B31641001CB3FA /* ASINetworkQueue.m */,
				49B68DBF11B31641001CB3FA /* ASINSStringAdditions.h */,
				49B68DC011B31641001CB3FA /* ASINSStringAdditions.m */,
			);
			path = ASIHTTPRequest;
			sourceTree = "<group>";
		};
		49B68E1011B31672001CB3FA /* Reachability2.0 */ = {
			isa = PBXGroup;
			children = (
				49B68E1111B31672001CB3FA /* Reachability.h */,
				49B68E1211B31672001CB3FA /* Reachability.m */,
			);
			path = Reachability2.0;
			sourceTree = "<group>";
		};
		49B68E7911B31874001CB3FA /* TouchJSON */ = {
			isa = PBXGroup;
			children = (
				49B68E7A11B31874001CB3FA /* CDataScanner.h */,
				49B68E7B11B31874001CB3FA /* CDataScanner.m */,
				49B68E7C11B31874001CB3FA /* Extensions */,
				49B68E8511B31874001CB3FA /* JSON */,
			);
			path = TouchJSON;
			sourceTree = "<group>";
		};
		49B68E7C11B31874001CB3FA /* Extensions */ = {
			isa = PBXGroup;
			children = (
				49B68E7D11B31874001CB3FA /* CDataScanner_Extensions.h */,
				49B68E7E11B31874001CB3FA /* CDataScanner_Extensions.m */,
				49B68E7F11B31874001CB3FA /* NSCharacterSet_Extensions.h */,
				49B68E8011B31874001CB3FA /* NSCharacterSet_Extensions.m */,
				49B68E8111B31874001CB3FA /* NSDictionary_JSONExtensions.h */,
				49B68E8211B31874001CB3FA /* NSDictionary_JSONExtensions.m */,
				49B68E8311B31874001CB3FA /* NSScanner_Extensions.h */,
				49B68E8411B31874001CB3FA /* NSScanner_Extensions.m */,
			);
			path = Extensions;
			sourceTree = "<group>";
		};
		49B68E8511B31874001CB3FA /* JSON */ = {
			isa = PBXGroup;
			children = (
				49B68E8611B31874001CB3FA /* CJSONDataSerializer.h */,
				49B68E8711B31874001CB3FA /* CJSONDataSerializer.m */,
				49B68E8811B31874001CB3FA /* CJSONDeserializer.h */,
				49B68E8911B31874001CB3FA /* CJSONDeserializer.m */,
				49B68E8A11B31874001CB3FA /* CJSONScanner.h */,
				49B68E8B11B31874001CB3FA /* CJSONScanner.m */,
				49B68E8C11B31874001CB3FA /* CJSONSerializer.h */,
				49B68E8D11B31874001CB3FA /* CJSONSerializer.m */,
				49B68E8E11B31874001CB3FA /* CSerializedJSONData.h */,
				49B68E8F11B31874001CB3FA /* CSerializedJSONData.m */,
			);
			path = JSON;
			sourceTree = "<group>";
		};
		49B68EB111B31B4E001CB3FA /* ISO-8601-parser-0.5 */ = {
			isa = PBXGroup;
			children = (
				49B68EB211B31B4E001CB3FA /* ISO8601DateFormatter.h */,
				49B68EB311B31B4E001CB3FA /* ISO8601DateFormatter.m */,
			);
			path = "ISO-8601-parser-0.5";
			sourceTree = "<group>";
		};
		DD354F6C11D665B500EEF7BC /* Map */ = {
			isa = PBXGroup;
			children = (
				DD91DF9111BF3F400097F6F5 /* GLMapViewController.xib */,
				DD91DF8F11BF3F400097F6F5 /* GLMapViewController.h */,
				DD91DF9011BF3F400097F6F5 /* GLMapViewController.m */,
				16EE842711D72C290026503D /* Mutable polyline */,
			);
			name = Map;
			sourceTree = "<group>";
		};
		DD354F6D11D665BA00EEF7BC /* Data */ = {
			isa = PBXGroup;
			children = (
				16EE827611D6A1FA0026503D /* GLDataViewController.xib */,
				16EE822911D69FD70026503D /* GLDataViewController.h */,
				16EE822A11D69FD70026503D /* GLDataViewController.m */,
				166BE45F11DDDC9000F41B0B /* GLMappedSlider.h */,
				166BE46011DDDC9000F41B0B /* GLMappedSlider.m */,
			);
			name = Data;
			sourceTree = "<group>";
		};
		DD354F6E11D665C000EEF7BC /* Geonote */ = {
			isa = PBXGroup;
			children = (
				DD354F8E11D669C300EEF7BC /* GeonoteNavigationController.h */,
				DD354F8F11D669C300EEF7BC /* GeonoteNavigationController.m */,
				DD35501011D6709D00EEF7BC /* Geonote.h */,
				DD35501111D6709D00EEF7BC /* Geonote.m */,
				DD354F7311D666BA00EEF7BC /* GeonoteFriendPickerController.h */,
				DD354F7411D666BA00EEF7BC /* GeonoteFriendPickerController.m */,
				DD354F7511D666BA00EEF7BC /* GeonoteFriendPickerController.xib */,
				DD354FB311D66BB500EEF7BC /* GeonoteMapViewController.h */,
				DD354FB411D66BB500EEF7BC /* GeonoteMapViewController.m */,
				DD354FB511D66BB500EEF7BC /* GeonoteMapViewController.xib */,
				DD35503A11D6736200EEF7BC /* GeonoteMessageViewController.h */,
				DD35503B11D6736200EEF7BC /* GeonoteMessageViewController.m */,
				DD35503C11D6736200EEF7BC /* GeonoteMessageViewController.xib */,
				DD3550B311D6794200EEF7BC /* GeonoteConfirmationViewController.h */,
				DD3550B411D6794200EEF7BC /* GeonoteConfirmationViewController.m */,
				DD3550B511D6794200EEF7BC /* GeonoteConfirmationViewController.xib */,
				DD35511E11D681BB00EEF7BC /* Resources */,
			);
			name = Geonote;
			sourceTree = "<group>";
		};
		DD354F6F11D665CB00EEF7BC /* Settings */ = {
			isa = PBXGroup;
			children = (
				28D7ACF60DDB3853001CB0EB /* LocationUpdaterViewController.h */,
				28D7ACF70DDB3853001CB0EB /* LocationUpdaterViewController.m */,
				2899E5210DE3E06400AC0155 /* LocationUpdaterViewController.xib */,
			);
			name = Settings;
			sourceTree = "<group>";
		};
		DD35511E11D681BB00EEF7BC /* Resources */ = {
			isa = PBXGroup;
			children = (
				DD354F7C11D6683800EEF7BC /* addresses.png */,
				DD97008711EBFB3D00C91472 /* ToolbarLocate.png */,
			);
			name = Resources;
			sourceTree = "<group>";
		};
		DD91DF6911BF3D610097F6F5 /* Tab Images */ = {
			isa = PBXGroup;
			children = (
				DD91DF6211BF3D5D0097F6F5 /* 103-map.png */,
				DD91DF6111BF3D5D0097F6F5 /* 106-sliders.png */,
				DD91DF6411BF3D5D0097F6F5 /* 07-map-marker.png */,
				DD91DF6311BF3D5D0097F6F5 /* 20-gear2.png */,
			);
			name = "Tab Images";
			sourceTree = "<group>";
		};
		DD91DF8C11BF3F1F0097F6F5 /* Tabs */ = {
			isa = PBXGroup;
			children = (
				DD354F6C11D665B500EEF7BC /* Map */,
				DD354F6D11D665BA00EEF7BC /* Data */,
				DD354F6E11D665C000EEF7BC /* Geonote */,
				DD354F6F11D665CB00EEF7BC /* Settings */,
			);
			name = Tabs;
			sourceTree = "<group>";
		};
/* End PBXGroup section */

/* Begin PBXNativeTarget section */
		1D6058900D05DD3D006BFB54 /* Geoloqi */ = {
			isa = PBXNativeTarget;
			buildConfigurationList = 1D6058960D05DD3E006BFB54 /* Build configuration list for PBXNativeTarget "Geoloqi" */;
			buildPhases = (
				1D60588D0D05DD3D006BFB54 /* Resources */,
				1D60588E0D05DD3D006BFB54 /* Sources */,
				1D60588F0D05DD3D006BFB54 /* Frameworks */,
			);
			buildRules = (
			);
			dependencies = (
			);
			name = Geoloqi;
			productName = LocationUpdater;
			productReference = 1D6058910D05DD3D006BFB54 /* Geoloqi.app */;
			productType = "com.apple.product-type.application";
		};
/* End PBXNativeTarget section */

/* Begin PBXProject section */
		29B97313FDCFA39411CA2CEA /* Project object */ = {
			isa = PBXProject;
			buildConfigurationList = C01FCF4E08A954540054247B /* Build configuration list for PBXProject "Geoloqi" */;
			compatibilityVersion = "Xcode 3.1";
			developmentRegion = English;
			hasScannedForEncodings = 1;
			knownRegions = (
				English,
				Japanese,
				French,
				German,
			);
			mainGroup = 29B97314FDCFA39411CA2CEA /* CustomTemplate */;
			projectDirPath = "";
			projectRoot = "";
			targets = (
				1D6058900D05DD3D006BFB54 /* Geoloqi */,
			);
		};
/* End PBXProject section */

/* Begin PBXResourcesBuildPhase section */
		1D60588D0D05DD3D006BFB54 /* Resources */ = {
			isa = PBXResourcesBuildPhase;
			buildActionMask = 2147483647;
			files = (
				28AD733F0D9D9553002E5188 /* MainWindow.xib in Resources */,
				2899E5220DE3E06400AC0155 /* LocationUpdaterViewController.xib in Resources */,
				DD91DF6511BF3D5D0097F6F5 /* 106-sliders.png in Resources */,
				DD91DF6611BF3D5D0097F6F5 /* 103-map.png in Resources */,
				DD91DF6711BF3D5D0097F6F5 /* 20-gear2.png in Resources */,
				DD91DF6811BF3D5D0097F6F5 /* 07-map-marker.png in Resources */,
				DD91DF9311BF3F400097F6F5 /* GLMapViewController.xib in Resources */,
				DD354F7711D666BA00EEF7BC /* GeonoteFriendPickerController.xib in Resources */,
				DD354F7D11D6683800EEF7BC /* addresses.png in Resources */,
				DD354FB711D66BB500EEF7BC /* GeonoteMapViewController.xib in Resources */,
				DD35503E11D6736200EEF7BC /* GeonoteMessageViewController.xib in Resources */,
				DD3550B711D6794200EEF7BC /* GeonoteConfirmationViewController.xib in Resources */,
				16E4B0C011D69563009D6B43 /* Icon.png in Resources */,
				16E4B0C111D69563009D6B43 /* Icon@2x.png in Resources */,
				16E4B0C311D69569009D6B43 /* Default.png in Resources */,
				16E4B0D811D6965C009D6B43 /* Default@2x.png in Resources */,
				16EE827711D6A1FA0026503D /* GLDataViewController.xib in Resources */,
				16EE832A11D6C96C0026503D /* SliderMappings.plist in Resources */,
				DD97008811EBFB3D00C91472 /* ToolbarLocate.png in Resources */,
				16DA0BB7122390F600382D1F /* GLWelcomeViewController.xib in Resources */,
				16DA0BD31223973500382D1F /* GLSignUpViewController.xib in Resources */,
				16DA0BFC12239BBC00382D1F /* GLLogInViewController.xib in Resources */,
			);
			runOnlyForDeploymentPostprocessing = 0;
		};
/* End PBXResourcesBuildPhase section */

/* Begin PBXSourcesBuildPhase section */
		1D60588E0D05DD3D006BFB54 /* Sources */ = {
			isa = PBXSourcesBuildPhase;
			buildActionMask = 2147483647;
			files = (
				1D60589B0D05DD56006BFB54 /* main.m in Sources */,
				28D7ACF80DDB3853001CB0EB /* LocationUpdaterViewController.m in Sources */,
				49B68DF111B31641001CB3FA /* ASIAuthenticationDialog.m in Sources */,
				49B68DF211B31641001CB3FA /* ASIFormDataRequest.m in Sources */,
				49B68DF311B31641001CB3FA /* ASIHTTPRequest.m in Sources */,
				49B68DF411B31641001CB3FA /* ASIInputStream.m in Sources */,
				49B68DF511B31641001CB3FA /* ASINetworkQueue.m in Sources */,
				49B68DF611B31641001CB3FA /* ASINSStringAdditions.m in Sources */,
				49B68E1311B31672001CB3FA /* Reachability.m in Sources */,
				49B68E9011B31874001CB3FA /* CDataScanner.m in Sources */,
				49B68E9111B31874001CB3FA /* CDataScanner_Extensions.m in Sources */,
				49B68E9211B31874001CB3FA /* NSCharacterSet_Extensions.m in Sources */,
				49B68E9311B31874001CB3FA /* NSDictionary_JSONExtensions.m in Sources */,
				49B68E9411B31874001CB3FA /* NSScanner_Extensions.m in Sources */,
				49B68E9511B31874001CB3FA /* CJSONDataSerializer.m in Sources */,
				49B68E9611B31874001CB3FA /* CJSONDeserializer.m in Sources */,
				49B68E9711B31874001CB3FA /* CJSONScanner.m in Sources */,
				49B68E9811B31874001CB3FA /* CJSONSerializer.m in Sources */,
				49B68E9911B31874001CB3FA /* CSerializedJSONData.m in Sources */,
				49B68EC711B31B4E001CB3FA /* ISO8601DateFormatter.m in Sources */,
				DD91DF9211BF3F400097F6F5 /* GLMapViewController.m in Sources */,
				DD354F7611D666BA00EEF7BC /* GeonoteFriendPickerController.m in Sources */,
				DD354F9111D669C300EEF7BC /* GeonoteNavigationController.m in Sources */,
				DD354FB611D66BB500EEF7BC /* GeonoteMapViewController.m in Sources */,
				DD35501211D6709D00EEF7BC /* Geonote.m in Sources */,
				DD35503D11D6736200EEF7BC /* GeonoteMessageViewController.m in Sources */,
				DD3550B611D6794200EEF7BC /* GeonoteConfirmationViewController.m in Sources */,
				16EE822811D69FB20026503D /* GLLocationUpdateManager.m in Sources */,
				16EE822B11D69FD70026503D /* GLDataViewController.m in Sources */,
				16EE823F11D6A09A0026503D /* LocationUpdateRequest.m in Sources */,
				16EE824911D6A1760026503D /* GeoloqiAppDelegate.m in Sources */,
				16EE842A11D72C450026503D /* GLMutablePolyline.m in Sources */,
				16EE843511D72CE00026503D /* GLMutablePolylineView.m in Sources */,
				166BE46111DDDC9000F41B0B /* GLMappedSlider.m in Sources */,
				16DA0BB6122390F600382D1F /* GLWelcomeViewController.m in Sources */,
				16DA0BD21223973500382D1F /* GLSignUpViewController.m in Sources */,
				16DA0BFB12239BBC00382D1F /* GLLogInViewController.m in Sources */,
				16DA0D0B1224DD4900382D1F /* GLAuthenticationManager.m in Sources */,
				16DA0D761224E8FD00382D1F /* GLHTTPRequestLoader.m in Sources */,
			);
			runOnlyForDeploymentPostprocessing = 0;
		};
/* End PBXSourcesBuildPhase section */

/* Begin XCBuildConfiguration section */
		1D6058940D05DD3E006BFB54 /* Debug */ = {
			isa = XCBuildConfiguration;
			buildSettings = {
				ALWAYS_SEARCH_USER_PATHS = NO;
				COPY_PHASE_STRIP = NO;
				GCC_DYNAMIC_NO_PIC = NO;
				GCC_OPTIMIZATION_LEVEL = 0;
				GCC_PRECOMPILE_PREFIX_HEADER = YES;
				GCC_PREFIX_HEADER = Geoloqi_Prefix.pch;
				INFOPLIST_FILE = "Geoloqi-Info.plist";
				IPHONEOS_DEPLOYMENT_TARGET = 4.0;
				PRODUCT_NAME = Geoloqi;
			};
			name = Debug;
		};
		1D6058950D05DD3E006BFB54 /* Release */ = {
			isa = XCBuildConfiguration;
			buildSettings = {
				ALWAYS_SEARCH_USER_PATHS = NO;
				COPY_PHASE_STRIP = YES;
				GCC_PRECOMPILE_PREFIX_HEADER = YES;
				GCC_PREFIX_HEADER = Geoloqi_Prefix.pch;
				INFOPLIST_FILE = "Geoloqi-Info.plist";
				IPHONEOS_DEPLOYMENT_TARGET = 4.0;
				PRODUCT_NAME = Geoloqi;
				VALIDATE_PRODUCT = YES;
			};
			name = Release;
		};
		C01FCF4F08A954540054247B /* Debug */ = {
			isa = XCBuildConfiguration;
			buildSettings = {
				ARCHS = "$(ARCHS_STANDARD_32_BIT)";
				"CODE_SIGN_IDENTITY[sdk=iphoneos*]" = "iPhone Developer";
				GCC_C_LANGUAGE_STANDARD = c99;
				GCC_WARN_ABOUT_RETURN_TYPE = YES;
				GCC_WARN_UNUSED_VARIABLE = YES;
				PREBINDING = NO;
				SDKROOT = iphoneos4.1;
			};
			name = Debug;
		};
		C01FCF5008A954540054247B /* Release */ = {
			isa = XCBuildConfiguration;
			buildSettings = {
				ARCHS = "$(ARCHS_STANDARD_32_BIT)";
				"CODE_SIGN_IDENTITY[sdk=iphoneos*]" = "iPhone Developer";
				GCC_C_LANGUAGE_STANDARD = c99;
				GCC_WARN_ABOUT_RETURN_TYPE = YES;
				GCC_WARN_UNUSED_VARIABLE = YES;
				OTHER_CFLAGS = "-DNS_BLOCK_ASSERTIONS=1";
				PREBINDING = NO;
				SDKROOT = iphoneos4.1;
			};
			name = Release;
		};
/* End XCBuildConfiguration section */

/* Begin XCConfigurationList section */
		1D6058960D05DD3E006BFB54 /* Build configuration list for PBXNativeTarget "Geoloqi" */ = {
			isa = XCConfigurationList;
			buildConfigurations = (
				1D6058940D05DD3E006BFB54 /* Debug */,
				1D6058950D05DD3E006BFB54 /* Release */,
			);
			defaultConfigurationIsVisible = 0;
			defaultConfigurationName = Release;
		};
		C01FCF4E08A954540054247B /* Build configuration list for PBXProject "Geoloqi" */ = {
			isa = XCConfigurationList;
			buildConfigurations = (
				C01FCF4F08A954540054247B /* Debug */,
				C01FCF5008A954540054247B /* Release */,
			);
			defaultConfigurationIsVisible = 0;
			defaultConfigurationName = Release;
		};
/* End XCConfigurationList section */
	};
	rootObject = 29B97313FDCFA39411CA2CEA /* Project object */;
}
